// !$*UTF8*$!
{
	archiveVersion = 1;
	classes = {
	};
	objectVersion = 50;
	objects = {

/* Begin PBXBuildFile section */
		B64E7AC72618C3240078061B /* AppDelegate.swift in Sources */ = {isa = PBXBuildFile; fileRef = B64E7AC62618C3240078061B /* AppDelegate.swift */; };
		B64E7AC92618C3240078061B /* SceneDelegate.swift in Sources */ = {isa = PBXBuildFile; fileRef = B64E7AC82618C3240078061B /* SceneDelegate.swift */; };
		B64E7ACB2618C3240078061B /* ViewController.swift in Sources */ = {isa = PBXBuildFile; fileRef = B64E7ACA2618C3240078061B /* ViewController.swift */; };
		B64E7ACE2618C3240078061B /* Main.storyboard in Resources */ = {isa = PBXBuildFile; fileRef = B64E7ACC2618C3240078061B /* Main.storyboard */; };
		B64E7AD02618C3250078061B /* Assets.xcassets in Resources */ = {isa = PBXBuildFile; fileRef = B64E7ACF2618C3250078061B /* Assets.xcassets */; };
		B64E7AD32618C3250078061B /* LaunchScreen.storyboard in Resources */ = {isa = PBXBuildFile; fileRef = B64E7AD12618C3250078061B /* LaunchScreen.storyboard */; };
		B64E7ADE2618C3250078061B /* MyFirstAppTests.swift in Sources */ = {isa = PBXBuildFile; fileRef = B64E7ADD2618C3250078061B /* MyFirstAppTests.swift */; };
		B64E7AE92618C3250078061B /* MyFirstAppUITests.swift in Sources */ = {isa = PBXBuildFile; fileRef = B64E7AE82618C3250078061B /* MyFirstAppUITests.swift */; };
/* End PBXBuildFile section */

/* Begin PBXContainerItemProxy section */
		B64E7ADA2618C3250078061B /* PBXContainerItemProxy */ = {
			isa = PBXContainerItemProxy;
			containerPortal = B64E7ABB2618C3240078061B /* Project object */;
			proxyType = 1;
			remoteGlobalIDString = B64E7AC22618C3240078061B;
			remoteInfo = MyFirstApp;
		};
		B64E7AE52618C3250078061B /* PBXContainerItemProxy */ = {
			isa = PBXContainerItemProxy;
			containerPortal = B64E7ABB2618C3240078061B /* Project object */;
			proxyType = 1;
			remoteGlobalIDString = B64E7AC22618C3240078061B;
			remoteInfo = MyFirstApp;
		};
/* End PBXContainerItemProxy section */

/* Begin PBXFileReference section */
		B64E7AC32618C3240078061B /* MyFirstApp.app */ = {isa = PBXFileReference; explicitFileType = wrapper.application; includeInIndex = 0; path = MyFirstApp.app; sourceTree = BUILT_PRODUCTS_DIR; };
		B64E7AC62618C3240078061B /* AppDelegate.swift */ = {isa = PBXFileReference; lastKnownFileType = sourcecode.swift; path = AppDelegate.swift; sourceTree = "<group>"; };
		B64E7AC82618C3240078061B /* SceneDelegate.swift */ = {isa = PBXFileReference; lastKnownFileType = sourcecode.swift; path = SceneDelegate.swift; sourceTree = "<group>"; };
		B64E7ACA2618C3240078061B /* ViewController.swift */ = {isa = PBXFileReference; lastKnownFileType = sourcecode.swift; path = ViewController.swift; sourceTree = "<group>"; };
		B64E7ACD2618C3240078061B /* Base */ = {isa = PBXFileReference; lastKnownFileType = file.storyboard; name = Base; path = Base.lproj/Main.storyboard; sourceTree = "<group>"; };
		B64E7ACF2618C3250078061B /* Assets.xcassets */ = {isa = PBXFileReference; lastKnownFileType = folder.assetcatalog; path = Assets.xcassets; sourceTree = "<group>"; };
		B64E7AD22618C3250078061B /* Base */ = {isa = PBXFileReference; lastKnownFileType = file.storyboard; name = Base; path = Base.lproj/LaunchScreen.storyboard; sourceTree = "<group>"; };
		B64E7AD42618C3250078061B /* Info.plist */ = {isa = PBXFileReference; lastKnownFileType = text.plist.xml; path = Info.plist; sourceTree = "<group>"; };
		B64E7AD92618C3250078061B /* MyFirstAppTests.xctest */ = {isa = PBXFileReference; explicitFileType = wrapper.cfbundle; includeInIndex = 0; path = MyFirstAppTests.xctest; sourceTree = BUILT_PRODUCTS_DIR; };
		B64E7ADD2618C3250078061B /* MyFirstAppTests.swift */ = {isa = PBXFileReference; lastKnownFileType = sourcecode.swift; path = MyFirstAppTests.swift; sourceTree = "<group>"; };
		B64E7ADF2618C3250078061B /* Info.plist */ = {isa = PBXFileReference; lastKnownFileType = text.plist.xml; path = Info.plist; sourceTree = "<group>"; };
		B64E7AE42618C3250078061B /* MyFirstAppUITests.xctest */ = {isa = PBXFileReference; explicitFileType = wrapper.cfbundle; includeInIndex = 0; path = MyFirstAppUITests.xctest; sourceTree = BUILT_PRODUCTS_DIR; };
		B64E7AE82618C3250078061B /* MyFirstAppUITests.swift */ = {isa = PBXFileReference; lastKnownFileType = sourcecode.swift; path = MyFirstAppUITests.swift; sourceTree = "<group>"; };
		B64E7AEA2618C3250078061B /* Info.plist */ = {isa = PBXFileReference; lastKnownFileType = text.plist.xml; path = Info.plist; sourceTree = "<group>"; };
/* End PBXFileReference section */

/* Begin PBXFrameworksBuildPhase section */
		B64E7AC02618C3240078061B /* Frameworks */ = {
			isa = PBXFrameworksBuildPhase;
			buildActionMask = 2147483647;
			files = (
			);
			runOnlyForDeploymentPostprocessing = 0;
		};
		B64E7AD62618C3250078061B /* Frameworks */ = {
			isa = PBXFrameworksBuildPhase;
			buildActionMask = 2147483647;
			files = (
			);
			runOnlyForDeploymentPostprocessing = 0;
		};
		B64E7AE12618C3250078061B /* Frameworks */ = {
			isa = PBXFrameworksBuildPhase;
			buildActionMask = 2147483647;
			files = (
			);
			runOnlyForDeploymentPostprocessing = 0;
		};
/* End PBXFrameworksBuildPhase section */

/* Begin PBXGroup section */
		B64E7ABA2618C3240078061B = {
			isa = PBXGroup;
			children = (
				B64E7AC52618C3240078061B /* MyFirstApp */,
				B64E7ADC2618C3250078061B /* MyFirstAppTests */,
				B64E7AE72618C3250078061B /* MyFirstAppUITests */,
				B64E7AC42618C3240078061B /* Products */,
			);
			sourceTree = "<group>";
		};
		B64E7AC42618C3240078061B /* Products */ = {
			isa = PBXGroup;
			children = (
				B64E7AC32618C3240078061B /* MyFirstApp.app */,
				B64E7AD92618C3250078061B /* MyFirstAppTests.xctest */,
				B64E7AE42618C3250078061B /* MyFirstAppUITests.xctest */,
			);
			name = Products;
			sourceTree = "<group>";
		};
		B64E7AC52618C3240078061B /* MyFirstApp */ = {
			isa = PBXGroup;
			children = (
				B64E7AC62618C3240078061B /* AppDelegate.swift */,
				B64E7AC82618C3240078061B /* SceneDelegate.swift */,
				B64E7ACA2618C3240078061B /* ViewController.swift */,
				B64E7ACC2618C3240078061B /* Main.storyboard */,
				B64E7ACF2618C3250078061B /* Assets.xcassets */,
				B64E7AD12618C3250078061B /* LaunchScreen.storyboard */,
				B64E7AD42618C3250078061B /* Info.plist */,
			);
			path = MyFirstApp;
			sourceTree = "<group>";
		};
		B64E7ADC2618C3250078061B /* MyFirstAppTests */ = {
			isa = PBXGroup;
			children = (
				B64E7ADD2618C3250078061B /* MyFirstAppTests.swift */,
				B64E7ADF2618C3250078061B /* Info.plist */,
			);
			path = MyFirstAppTests;
			sourceTree = "<group>";
		};
		B64E7AE72618C3250078061B /* MyFirstAppUITests */ = {
			isa = PBXGroup;
			children = (
				B64E7AE82618C3250078061B /* MyFirstAppUITests.swift */,
				B64E7AEA2618C3250078061B /* Info.plist */,
			);
			path = MyFirstAppUITests;
			sourceTree = "<group>";
		};
/* End PBXGroup section */

/* Begin PBXNativeTarget section */
		B64E7AC22618C3240078061B /* MyFirstApp */ = {
			isa = PBXNativeTarget;
			buildConfigurationList = B64E7AED2618C3250078061B /* Build configuration list for PBXNativeTarget "MyFirstApp" */;
			buildPhases = (
				B64E7ABF2618C3240078061B /* Sources */,
				B64E7AC02618C3240078061B /* Frameworks */,
				B64E7AC12618C3240078061B /* Resources */,
			);
			buildRules = (
			);
			dependencies = (
			);
			name = MyFirstApp;
			productName = MyFirstApp;
			productReference = B64E7AC32618C3240078061B /* MyFirstApp.app */;
			productType = "com.apple.product-type.application";
		};
		B64E7AD82618C3250078061B /* MyFirstAppTests */ = {
			isa = PBXNativeTarget;
			buildConfigurationList = B64E7AF02618C3250078061B /* Build configuration list for PBXNativeTarget "MyFirstAppTests" */;
			buildPhases = (
				B64E7AD52618C3250078061B /* Sources */,
				B64E7AD62618C3250078061B /* Frameworks */,
				B64E7AD72618C3250078061B /* Resources */,
			);
			buildRules = (
			);
			dependencies = (
				B64E7ADB2618C3250078061B /* PBXTargetDependency */,
			);
			name = MyFirstAppTests;
			productName = MyFirstAppTests;
			productReference = B64E7AD92618C3250078061B /* MyFirstAppTests.xctest */;
			productType = "com.apple.product-type.bundle.unit-test";
		};
		B64E7AE32618C3250078061B /* MyFirstAppUITests */ = {
			isa = PBXNativeTarget;
			buildConfigurationList = B64E7AF32618C3250078061B /* Build configuration list for PBXNativeTarget "MyFirstAppUITests" */;
			buildPhases = (
				B64E7AE02618C3250078061B /* Sources */,
				B64E7AE12618C3250078061B /* Frameworks */,
				B64E7AE22618C3250078061B /* Resources */,
			);
			buildRules = (
			);
			dependencies = (
				B64E7AE62618C3250078061B /* PBXTargetDependency */,
			);
			name = MyFirstAppUITests;
			productName = MyFirstAppUITests;
			productReference = B64E7AE42618C3250078061B /* MyFirstAppUITests.xctest */;
			productType = "com.apple.product-type.bundle.ui-testing";
		};
/* End PBXNativeTarget section */

/* Begin PBXProject section */
		B64E7ABB2618C3240078061B /* Project object */ = {
			isa = PBXProject;
			attributes = {
				LastSwiftUpdateCheck = 1240;
				LastUpgradeCheck = 1240;
				TargetAttributes = {
					B64E7AC22618C3240078061B = {
						CreatedOnToolsVersion = 12.4;
					};
					B64E7AD82618C3250078061B = {
						CreatedOnToolsVersion = 12.4;
						TestTargetID = B64E7AC22618C3240078061B;
					};
					B64E7AE32618C3250078061B = {
						CreatedOnToolsVersion = 12.4;
						TestTargetID = B64E7AC22618C3240078061B;
					};
				};
			};
			buildConfigurationList = B64E7ABE2618C3240078061B /* Build configuration list for PBXProject "MyFirstApp" */;
			compatibilityVersion = "Xcode 9.3";
			developmentRegion = en;
			hasScannedForEncodings = 0;
			knownRegions = (
				en,
				Base,
			);
			mainGroup = B64E7ABA2618C3240078061B;
			productRefGroup = B64E7AC42618C3240078061B /* Products */;
			projectDirPath = "";
			projectRoot = "";
			targets = (
				B64E7AC22618C3240078061B /* MyFirstApp */,
				B64E7AD82618C3250078061B /* MyFirstAppTests */,
				B64E7AE32618C3250078061B /* MyFirstAppUITests */,
			);
		};
/* End PBXProject section */

/* Begin PBXResourcesBuildPhase section */
		B64E7AC12618C3240078061B /* Resources */ = {
			isa = PBXResourcesBuildPhase;
			buildActionMask = 2147483647;
			files = (
				B64E7AD32618C3250078061B /* LaunchScreen.storyboard in Resources */,
				B64E7AD02618C3250078061B /* Assets.xcassets in Resources */,
				B64E7ACE2618C3240078061B /* Main.storyboard in Resources */,
			);
			runOnlyForDeploymentPostprocessing = 0;
		};
		B64E7AD72618C3250078061B /* Resources */ = {
			isa = PBXResourcesBuildPhase;
			buildActionMask = 2147483647;
			files = (
			);
			runOnlyForDeploymentPostprocessing = 0;
		};
		B64E7AE22618C3250078061B /* Resources */ = {
			isa = PBXResourcesBuildPhase;
			buildActionMask = 2147483647;
			files = (
			);
			runOnlyForDeploymentPostprocessing = 0;
		};
/* End PBXResourcesBuildPhase section */

/* Begin PBXSourcesBuildPhase section */
		B64E7ABF2618C3240078061B /* Sources */ = {
			isa = PBXSourcesBuildPhase;
			buildActionMask = 2147483647;
			files = (
				B64E7ACB2618C3240078061B /* ViewController.swift in Sources */,
				B64E7AC72618C3240078061B /* AppDelegate.swift in Sources */,
				B64E7AC92618C3240078061B /* SceneDelegate.swift in Sources */,
			);
			runOnlyForDeploymentPostprocessing = 0;
		};
		B64E7AD52618C3250078061B /* Sources */ = {
			isa = PBXSourcesBuildPhase;
			buildActionMask = 2147483647;
			files = (
				B64E7ADE2618C3250078061B /* MyFirstAppTests.swift in Sources */,
			);
			runOnlyForDeploymentPostprocessing = 0;
		};
		B64E7AE02618C3250078061B /* Sources */ = {
			isa = PBXSourcesBuildPhase;
			buildActionMask = 2147483647;
			files = (
				B64E7AE92618C3250078061B /* MyFirstAppUITests.swift in Sources */,
			);
			runOnlyForDeploymentPostprocessing = 0;
		};
/* End PBXSourcesBuildPhase section */

/* Begin PBXTargetDependency section */
		B64E7ADB2618C3250078061B /* PBXTargetDependency */ = {
			isa = PBXTargetDependency;
			target = B64E7AC22618C3240078061B /* MyFirstApp */;
			targetProxy = B64E7ADA2618C3250078061B /* PBXContainerItemProxy */;
		};
		B64E7AE62618C3250078061B /* PBXTargetDependency */ = {
			isa = PBXTargetDependency;
			target = B64E7AC22618C3240078061B /* MyFirstApp */;
			targetProxy = B64E7AE52618C3250078061B /* PBXContainerItemProxy */;
		};
/* End PBXTargetDependency section */

/* Begin PBXVariantGroup section */
		B64E7ACC2618C3240078061B /* Main.storyboard */ = {
			isa = PBXVariantGroup;
			children = (
				B64E7ACD2618C3240078061B /* Base */,
			);
			name = Main.storyboard;
			sourceTree = "<group>";
		};
		B64E7AD12618C3250078061B /* LaunchScreen.storyboard */ = {
			isa = PBXVariantGroup;
			children = (
				B64E7AD22618C3250078061B /* Base */,
			);
			name = LaunchScreen.storyboard;
			sourceTree = "<group>";
		};
/* End PBXVariantGroup section */

/* Begin XCBuildConfiguration section */
		B64E7AEB2618C3250078061B /* Debug */ = {
			isa = XCBuildConfiguration;
			buildSettings = {
				ALWAYS_SEARCH_USER_PATHS = NO;
				CLANG_ANALYZER_NONNULL = YES;
				CLANG_ANALYZER_NUMBER_OBJECT_CONVERSION = YES_AGGRESSIVE;
				CLANG_CXX_LANGUAGE_STANDARD = "gnu++14";
				CLANG_CXX_LIBRARY = "libc++";
				CLANG_ENABLE_MODULES = YES;
				CLANG_ENABLE_OBJC_ARC = YES;
				CLANG_ENABLE_OBJC_WEAK = YES;
				CLANG_WARN_BLOCK_CAPTURE_AUTORELEASING = YES;
				CLANG_WARN_BOOL_CONVERSION = YES;
				CLANG_WARN_COMMA = YES;
				CLANG_WARN_CONSTANT_CONVERSION = YES;
				CLANG_WARN_DEPRECATED_OBJC_IMPLEMENTATIONS = YES;
				CLANG_WARN_DIRECT_OBJC_ISA_USAGE = YES_ERROR;
				CLANG_WARN_DOCUMENTATION_COMMENTS = YES;
				CLANG_WARN_EMPTY_BODY = YES;
				CLANG_WARN_ENUM_CONVERSION = YES;
				CLANG_WARN_INFINITE_RECURSION = YES;
				CLANG_WARN_INT_CONVERSION = YES;
				CLANG_WARN_NON_LITERAL_NULL_CONVERSION = YES;
				CLANG_WARN_OBJC_IMPLICIT_RETAIN_SELF = YES;
				CLANG_WARN_OBJC_LITERAL_CONVERSION = YES;
				CLANG_WARN_OBJC_ROOT_CLASS = YES_ERROR;
				CLANG_WARN_QUOTED_INCLUDE_IN_FRAMEWORK_HEADER = YES;
				CLANG_WARN_RANGE_LOOP_ANALYSIS = YES;
				CLANG_WARN_STRICT_PROTOTYPES = YES;
				CLANG_WARN_SUSPICIOUS_MOVE = YES;
				CLANG_WARN_UNGUARDED_AVAILABILITY = YES_AGGRESSIVE;
				CLANG_WARN_UNREACHABLE_CODE = YES;
				CLANG_WARN__DUPLICATE_METHOD_MATCH = YES;
				COPY_PHASE_STRIP = NO;
				DEBUG_INFORMATION_FORMAT = dwarf;
				ENABLE_STRICT_OBJC_MSGSEND = YES;
				ENABLE_TESTABILITY = YES;
				GCC_C_LANGUAGE_STANDARD = gnu11;
				GCC_DYNAMIC_NO_PIC = NO;
				GCC_NO_COMMON_BLOCKS = YES;
				GCC_OPTIMIZATION_LEVEL = 0;
				GCC_PREPROCESSOR_DEFINITIONS = (
					"DEBUG=1",
					"$(inherited)",
				);
				GCC_WARN_64_TO_32_BIT_CONVERSION = YES;
				GCC_WARN_ABOUT_RETURN_TYPE = YES_ERROR;
				GCC_WARN_UNDECLARED_SELECTOR = YES;
				GCC_WARN_UNINITIALIZED_AUTOS = YES_AGGRESSIVE;
				GCC_WARN_UNUSED_FUNCTION = YES;
				GCC_WARN_UNUSED_VARIABLE = YES;
				IPHONEOS_DEPLOYMENT_TARGET = 14.4;
				MTL_ENABLE_DEBUG_INFO = INCLUDE_SOURCE;
				MTL_FAST_MATH = YES;
				ONLY_ACTIVE_ARCH = YES;
				SDKROOT = iphoneos;
				SWIFT_ACTIVE_COMPILATION_CONDITIONS = DEBUG;
				SWIFT_OPTIMIZATION_LEVEL = "-Onone";
			};
			name = Debug;
		};
		B64E7AEC2618C3250078061B /* Release */ = {
			isa = XCBuildConfiguration;
			buildSettings = {
				ALWAYS_SEARCH_USER_PATHS = NO;
				CLANG_ANALYZER_NONNULL = YES;
				CLANG_ANALYZER_NUMBER_OBJECT_CONVERSION = YES_AGGRESSIVE;
				CLANG_CXX_LANGUAGE_STANDARD = "gnu++14";
				CLANG_CXX_LIBRARY = "libc++";
				CLANG_ENABLE_MODULES = YES;
				CLANG_ENABLE_OBJC_ARC = YES;
				CLANG_ENABLE_OBJC_WEAK = YES;
				CLANG_WARN_BLOCK_CAPTURE_AUTORELEASING = YES;
				CLANG_WARN_BOOL_CONVERSION = YES;
				CLANG_WARN_COMMA = YES;
				CLANG_WARN_CONSTANT_CONVERSION = YES;
				CLANG_WARN_DEPRECATED_OBJC_IMPLEMENTATIONS = YES;
				CLANG_WARN_DIRECT_OBJC_ISA_USAGE = YES_ERROR;
				CLANG_WARN_DOCUMENTATION_COMMENTS = YES;
				CLANG_WARN_EMPTY_BODY = YES;
				CLANG_WARN_ENUM_CONVERSION = YES;
				CLANG_WARN_INFINITE_RECURSION = YES;
				CLANG_WARN_INT_CONVERSION = YES;
				CLANG_WARN_NON_LITERAL_NULL_CONVERSION = YES;
				CLANG_WARN_OBJC_IMPLICIT_RETAIN_SELF = YES;
				CLANG_WARN_OBJC_LITERAL_CONVERSION = YES;
				CLANG_WARN_OBJC_ROOT_CLASS = YES_ERROR;
				CLANG_WARN_QUOTED_INCLUDE_IN_FRAMEWORK_HEADER = YES;
				CLANG_WARN_RANGE_LOOP_ANALYSIS = YES;
				CLANG_WARN_STRICT_PROTOTYPES = YES;
				CLANG_WARN_SUSPICIOUS_MOVE = YES;
				CLANG_WARN_UNGUARDED_AVAILABILITY = YES_AGGRESSIVE;
				CLANG_WARN_UNREACHABLE_CODE = YES;
				CLANG_WARN__DUPLICATE_METHOD_MATCH = YES;
				COPY_PHASE_STRIP = NO;
				DEBUG_INFORMATION_FORMAT = "dwarf-with-dsym";
				ENABLE_NS_ASSERTIONS = NO;
				ENABLE_STRICT_OBJC_MSGSEND = YES;
				GCC_C_LANGUAGE_STANDARD = gnu11;
				GCC_NO_COMMON_BLOCKS = YES;
				GCC_WARN_64_TO_32_BIT_CONVERSION = YES;
				GCC_WARN_ABOUT_RETURN_TYPE = YES_ERROR;
				GCC_WARN_UNDECLARED_SELECTOR = YES;
				GCC_WARN_UNINITIALIZED_AUTOS = YES_AGGRESSIVE;
				GCC_WARN_UNUSED_FUNCTION = YES;
				GCC_WARN_UNUSED_VARIABLE = YES;
				IPHONEOS_DEPLOYMENT_TARGET = 14.4;
				MTL_ENABLE_DEBUG_INFO = NO;
				MTL_FAST_MATH = YES;
				SDKROOT = iphoneos;
				SWIFT_COMPILATION_MODE = wholemodule;
				SWIFT_OPTIMIZATION_LEVEL = "-O";
				VALIDATE_PRODUCT = YES;
			};
			name = Release;
		};
		B64E7AEE2618C3250078061B /* Debug */ = {
			isa = XCBuildConfiguration;
			buildSettings = {
				ASSETCATALOG_COMPILER_APPICON_NAME = AppIcon;
				ASSETCATALOG_COMPILER_GLOBAL_ACCENT_COLOR_NAME = AccentColor;
				CODE_SIGN_STYLE = Automatic;
				DEVELOPMENT_TEAM = P6R5M74CUW;
				INFOPLIST_FILE = MyFirstApp/Info.plist;
				LD_RUNPATH_SEARCH_PATHS = (
					"$(inherited)",
					"@executable_path/Frameworks",
				);
				PRODUCT_BUNDLE_IDENTIFIER = kadriyemacit.MyFirstApp;
				PRODUCT_NAME = "$(TARGET_NAME)";
				SWIFT_VERSION = 5.0;
				TARGETED_DEVICE_FAMILY = "1,2";
			};
			name = Debug;
		};
		B64E7AEF2618C3250078061B /* Release */ = {
			isa = XCBuildConfiguration;
			buildSettings = {
				ASSETCATALOG_COMPILER_APPICON_NAME = AppIcon;
				ASSETCATALOG_COMPILER_GLOBAL_ACCENT_COLOR_NAME = AccentColor;
				CODE_SIGN_STYLE = Automatic;
				DEVELOPMENT_TEAM = P6R5M74CUW;
				INFOPLIST_FILE = MyFirstApp/Info.plist;
				LD_RUNPATH_SEARCH_PATHS = (
					"$(inherited)",
					"@executable_path/Frameworks",
				);
				PRODUCT_BUNDLE_IDENTIFIER = kadriyemacit.MyFirstApp;
				PRODUCT_NAME = "$(TARGET_NAME)";
				SWIFT_VERSION = 5.0;
				TARGETED_DEVICE_FAMILY = "1,2";
			};
			name = Release;
		};
		B64E7AF12618C3250078061B /* Debug */ = {
			isa = XCBuildConfiguration;
			buildSettings = {
				ALWAYS_EMBED_SWIFT_STANDARD_LIBRARIES = YES;
				BUNDLE_LOADER = "$(TEST_HOST)";
				CODE_SIGN_STYLE = Automatic;
				DEVELOPMENT_TEAM = P6R5M74CUW;
				INFOPLIST_FILE = MyFirstAppTests/Info.plist;
				IPHONEOS_DEPLOYMENT_TARGET = 14.4;
				LD_RUNPATH_SEARCH_PATHS = (
					"$(inherited)",
					"@executable_path/Frameworks",
					"@loader_path/Frameworks",
				);
				PRODUCT_BUNDLE_IDENTIFIER = kadriyemacit.MyFirstAppTests;
				PRODUCT_NAME = "$(TARGET_NAME)";
				SWIFT_VERSION = 5.0;
				TARGETED_DEVICE_FAMILY = "1,2";
				TEST_HOST = "$(BUILT_PRODUCTS_DIR)/MyFirstApp.app/MyFirstApp";
			};
			name = Debug;
		};
		B64E7AF22618C3250078061B /* Release */ = {
			isa = XCBuildConfiguration;
			buildSettings = {
				ALWAYS_EMBED_SWIFT_STANDARD_LIBRARIES = YES;
				BUNDLE_LOADER = "$(TEST_HOST)";
				CODE_SIGN_STYLE = Automatic;
				DEVELOPMENT_TEAM = P6R5M74CUW;
				INFOPLIST_FILE = MyFirstAppTests/Info.plist;
				IPHONEOS_DEPLOYMENT_TARGET = 14.4;
				LD_RUNPATH_SEARCH_PATHS = (
					"$(inherited)",
					"@executable_path/Frameworks",
					"@loader_path/Frameworks",
				);
				PRODUCT_BUNDLE_IDENTIFIER = kadriyemacit.MyFirstAppTests;
				PRODUCT_NAME = "$(TARGET_NAME)";
				SWIFT_VERSION = 5.0;
				TARGETED_DEVICE_FAMILY = "1,2";
				TEST_HOST = "$(BUILT_PRODUCTS_DIR)/MyFirstApp.app/MyFirstApp";
			};
			name = Release;
		};
		B64E7AF42618C3250078061B /* Debug */ = {
			isa = XCBuildConfiguration;
			buildSettings = {
				ALWAYS_EMBED_SWIFT_STANDARD_LIBRARIES = YES;
				CODE_SIGN_STYLE = Automatic;
				DEVELOPMENT_TEAM = P6R5M74CUW;
				INFOPLIST_FILE = MyFirstAppUITests/Info.plist;
				LD_RUNPATH_SEARCH_PATHS = (
					"$(inherited)",
					"@executable_path/Frameworks",
					"@loader_path/Frameworks",
				);
				PRODUCT_BUNDLE_IDENTIFIER = kadriyemacit.MyFirstAppUITests;
				PRODUCT_NAME = "$(TARGET_NAME)";
				SWIFT_VERSION = 5.0;
				TARGETED_DEVICE_FAMILY = "1,2";
				TEST_TARGET_NAME = MyFirstApp;
			};
			name = Debug;
		};
		B64E7AF52618C3250078061B /* Release */ = {
			isa = XCBuildConfiguration;
			buildSettings = {
				ALWAYS_EMBED_SWIFT_STANDARD_LIBRARIES = YES;
				CODE_SIGN_STYLE = Automatic;
				DEVELOPMENT_TEAM = P6R5M74CUW;
				INFOPLIST_FILE = MyFirstAppUITests/Info.plist;
				LD_RUNPATH_SEARCH_PATHS = (
					"$(inherited)",
					"@executable_path/Frameworks",
					"@loader_path/Frameworks",
				);
				PRODUCT_BUNDLE_IDENTIFIER = kadriyemacit.MyFirstAppUITests;
				PRODUCT_NAME = "$(TARGET_NAME)";
				SWIFT_VERSION = 5.0;
				TARGETED_DEVICE_FAMILY = "1,2";
				TEST_TARGET_NAME = MyFirstApp;
			};
			name = Release;
		};
/* End XCBuildConfiguration section */

/* Begin XCConfigurationList section */
		B64E7ABE2618C3240078061B /* Build configuration list for PBXProject "MyFirstApp" */ = {
			isa = XCConfigurationList;
			buildConfigurations = (
				B64E7AEB2618C3250078061B /* Debug */,
				B64E7AEC2618C3250078061B /* Release */,
			);
			defaultConfigurationIsVisible = 0;
			defaultConfigurationName = Release;
		};
		B64E7AED2618C3250078061B /* Build configuration list for PBXNativeTarget "MyFirstApp" */ = {
			isa = XCConfigurationList;
			buildConfigurations = (
				B64E7AEE2618C3250078061B /* Debug */,
				B64E7AEF2618C3250078061B /* Release */,
			);
			defaultConfigurationIsVisible = 0;
			defaultConfigurationName = Release;
		};
		B64E7AF02618C3250078061B /* Build configuration list for PBXNativeTarget "MyFirstAppTests" */ = {
			isa = XCConfigurationList;
			buildConfigurations = (
				B64E7AF12618C3250078061B /* Debug */,
				B64E7AF22618C3250078061B /* Release */,
			);
			defaultConfigurationIsVisible = 0;
			defaultConfigurationName = Release;
		};
		B64E7AF32618C3250078061B /* Build configuration list for PBXNativeTarget "MyFirstAppUITests" */ = {
			isa = XCConfigurationList;
			buildConfigurations = (
				B64E7AF42618C3250078061B /* Debug */,
				B64E7AF52618C3250078061B /* Release */,
			);
			defaultConfigurationIsVisible = 0;
			defaultConfigurationName = Release;
		};
/* End XCConfigurationList section */
	};
	rootObject = B64E7ABB2618C3240078061B /* Project object */;
}
